
Microsoft Visual Studio Solution File, Format Version 12.00
# Visual Studio 2012
Project("{FAE04EC0-301F-11D3-BF4B-00C04F79EFBC}") = "LoginDemo", "LoginDemo\LoginDemo.csproj", "{D6290F95-2A21-49D9-B246-4B0E30791577}"
EndProject
Project("{FAE04EC0-301F-11D3-BF4B-00C04F79EFBC}") = "LoginDemo.iOS", "iOS\LoginDemo.iOS.csproj", "{8189C892-A0A0-4625-AB4F-9F075C4B1D41}"
EndProject
Project("{FAE04EC0-301F-11D3-BF4B-00C04F79EFBC}") = "LoginDemo.Droid", "Droid\LoginDemo.Droid.csproj", "{08931E44-F5B6-4C98-83B4-ED93AD560768}"
EndProject
Global
	GlobalSection(SolutionConfigurationPlatforms) = preSolution
		Debug|Any CPU = Debug|Any CPU
		Release|Any CPU = Release|Any CPU
		Debug|iPhoneSimulator = Debug|iPhoneSimulator
		Release|iPhone = Release|iPhone
		Release|iPhoneSimulator = Release|iPhoneSimulator
		Debug|iPhone = Debug|iPhone
	EndGlobalSection
	GlobalSection(ProjectConfigurationPlatforms) = postSolution
		{D6290F95-2A21-49D9-B246-4B0E30791577}.Debug|Any CPU.ActiveCfg = Debug|Any CPU
		{D6290F95-2A21-49D9-B246-4B0E30791577}.Debug|Any CPU.Build.0 = Debug|Any CPU
		{D6290F95-2A21-49D9-B246-4B0E30791577}.Release|Any CPU.ActiveCfg = Release|Any CPU
		{D6290F95-2A21-49D9-B246-4B0E30791577}.Release|Any CPU.Build.0 = Release|Any CPU
		{D6290F95-2A21-49D9-B246-4B0E30791577}.Debug|iPhoneSimulator.ActiveCfg = Debug|Any CPU
		{D6290F95-2A21-49D9-B246-4B0E30791577}.Debug|iPhoneSimulator.Build.0 = Debug|Any CPU
		{D6290F95-2A21-49D9-B246-4B0E30791577}.Release|iPhone.ActiveCfg = Release|Any CPU
		{D6290F95-2A21-49D9-B246-4B0E30791577}.Release|iPhone.Build.0 = Release|Any CPU
		{D6290F95-2A21-49D9-B246-4B0E30791577}.Release|iPhoneSimulator.ActiveCfg = Release|Any CPU
		{D6290F95-2A21-49D9-B246-4B0E30791577}.Release|iPhoneSimulator.Build.0 = Release|Any CPU
		{D6290F95-2A21-49D9-B246-4B0E30791577}.Debug|iPhone.ActiveCfg = Debug|Any CPU
		{D6290F95-2A21-49D9-B246-4B0E30791577}.Debug|iPhone.Build.0 = Debug|Any CPU
		{8189C892-A0A0-4625-AB4F-9F075C4B1D41}.Debug|Any CPU.ActiveCfg = Debug|iPhoneSimulator
		{8189C892-A0A0-4625-AB4F-9F075C4B1D41}.Debug|Any CPU.Build.0 = Debug|iPhoneSimulator
		{8189C892-A0A0-4625-AB4F-9F075C4B1D41}.Release|Any CPU.ActiveCfg = Release|iPhone
		{8189C892-A0A0-4625-AB4F-9F075C4B1D41}.Release|Any CPU.Build.0 = Release|iPhone
		{8189C892-A0A0-4625-AB4F-9F075C4B1D41}.Debug|iPhoneSimulator.ActiveCfg = Debug|iPhoneSimulator
		{8189C892-A0A0-4625-AB4F-9F075C4B1D41}.Debug|iPhoneSimulator.Build.0 = Debug|iPhoneSimulator
		{8189C892-A0A0-4625-AB4F-9F075C4B1D41}.Release|iPhone.ActiveCfg = Release|iPhone
		{8189C892-A0A0-4625-AB4F-9F075C4B1D41}.Release|iPhone.Build.0 = Release|iPhone
		{8189C892-A0A0-4625-AB4F-9F075C4B1D41}.Release|iPhoneSimulator.ActiveCfg = Release|iPhoneSimulator
		{8189C892-A0A0-4625-AB4F-9F075C4B1D41}.Release|iPhoneSimulator.Build.0 = Release|iPhoneSimulator
		{8189C892-A0A0-4625-AB4F-9F075C4B1D41}.Debug|iPhone.ActiveCfg = Debug|iPhone
		{8189C892-A0A0-4625-AB4F-9F075C4B1D41}.Debug|iPhone.Build.0 = Debug|iPhone
		{08931E44-F5B6-4C98-83B4-ED93AD560768}.Debug|Any CPU.ActiveCfg = Debug|Any CPU
		{08931E44-F5B6-4C98-83B4-ED93AD560768}.Debug|Any CPU.Build.0 = Debug|Any CPU
		{08931E44-F5B6-4C98-83B4-ED93AD560768}.Release|Any CPU.ActiveCfg = Release|Any CPU
		{08931E44-F5B6-4C98-83B4-ED93AD560768}.Release|Any CPU.Build.0 = Release|Any CPU
		{08931E44-F5B6-4C98-83B4-ED93AD560768}.Debug|iPhoneSimulator.ActiveCfg = Debug|Any CPU
		{08931E44-F5B6-4C98-83B4-ED93AD560768}.Debug|iPhoneSimulator.Build.0 = Debug|Any CPU
		{08931E44-F5B6-4C98-83B4-ED93AD560768}.Release|iPhone.ActiveCfg = Release|Any CPU
		{08931E44-F5B6-4C98-83B4-ED93AD560768}.Release|iPhone.Build.0 = Release|Any CPU
		{08931E44-F5B6-4C98-83B4-ED93AD560768}.Release|iPhoneSimulator.ActiveCfg = Release|Any CPU
		{08931E44-F5B6-4C98-83B4-ED93AD560768}.Release|iPhoneSimulator.Build.0 = Release|Any CPU
		{08931E44-F5B6-4C98-83B4-ED93AD560768}.Debug|iPhone.ActiveCfg = Debug|Any CPU
		{08931E44-F5B6-4C98-83B4-ED93AD560768}.Debug|iPhone.Build.0 = Debug|Any CPU
	EndGlobalSection
EndGlobal
